{
  "name": "web-audio-api-automator",
  "lockfileVersion": 2,
  "requires": true,
  "packages": {
    "": {
      "dependencies": {
        "monaco-editor": "^0.34.0"
      }
    },
    "node_modules/monaco-editor": {
      "version": "0.34.0",
      "resolved": "https://registry.npmjs.org/monaco-editor/-/monaco-editor-0.34.0.tgz",
      "integrity": "sha512-VF+S5zG8wxfinLKLrWcl4WUizMx+LeJrG4PM/M78OhcwocpV0jiyhX/pG6Q9jIOhrb/ckYi6nHnaR5OojlOZCQ=="
    }
  },
  "dependencies": {
    "monaco-editor": {
      "version": "0.34.0",
      "resolved": "https://registry.npmjs.org/monaco-editor/-/monaco-editor-0.34.0.tgz",
      "integrity": "sha512-VF+S5zG8wxfinLKLrWcl4WUizMx+LeJrG4PM/M78OhcwocpV0jiyhX/pG6Q9jIOhrb/ckYi6nHnaR5OojlOZCQ=="
    }
  }
}
